// !$*UTF8*$!
{
	archiveVersion = 1;
	classes = {
	};
	objectVersion = 46;
	objects = {

/* Begin PBXBuildFile section */
		D40569511BD84BEC00EC02D5 /* NativeNative.h in Headers */ = {isa = PBXBuildFile; fileRef = D40569501BD84BEC00EC02D5 /* NativeNative.h */; settings = {ATTRIBUTES = (Public, ); }; };
		D405696C1BD8537100EC02D5 /* NativeNativeTests.m in Sources */ = {isa = PBXBuildFile; fileRef = D405696B1BD8537100EC02D5 /* NativeNativeTests.m */; };
		D405696E1BD8537100EC02D5 /* NativeNative.framework in Frameworks */ = {isa = PBXBuildFile; fileRef = D405694D1BD84BEC00EC02D5 /* NativeNative.framework */; settings = {ASSET_TAGS = (); }; };
		D40569751BD853EE00EC02D5 /* tokenizer_test.txt in Resources */ = {isa = PBXBuildFile; fileRef = D40569741BD853EE00EC02D5 /* tokenizer_test.txt */; settings = {ASSET_TAGS = (); }; };
		D405697A1BD8594300EC02D5 /* NATTokenizer.c in Sources */ = {isa = PBXBuildFile; fileRef = D40569781BD8594300EC02D5 /* NATTokenizer.c */; settings = {ASSET_TAGS = (); }; };
		D405697B1BD8594300EC02D5 /* NATTokenizer.h in Headers */ = {isa = PBXBuildFile; fileRef = D40569791BD8594300EC02D5 /* NATTokenizer.h */; settings = {ASSET_TAGS = (); }; };
		D47916ED1BD922BF000C8FB2 /* NATSymbolTable.c in Sources */ = {isa = PBXBuildFile; fileRef = D47916EB1BD922BF000C8FB2 /* NATSymbolTable.c */; settings = {ASSET_TAGS = (); }; };
		D47916EE1BD922BF000C8FB2 /* NATSymbolTable.h in Headers */ = {isa = PBXBuildFile; fileRef = D47916EC1BD922BF000C8FB2 /* NATSymbolTable.h */; settings = {ASSET_TAGS = (); }; };
		D47916F21BD92987000C8FB2 /* NATSymbol.h in Headers */ = {isa = PBXBuildFile; fileRef = D47916F01BD92987000C8FB2 /* NATSymbol.h */; settings = {ASSET_TAGS = (); }; };
		D47916F41BD92B69000C8FB2 /* NATSymbol.c in Sources */ = {isa = PBXBuildFile; fileRef = D47916F31BD92B69000C8FB2 /* NATSymbol.c */; settings = {ASSET_TAGS = (); }; };
		D488B0961BD945D300D883E1 /* NATScope.c in Sources */ = {isa = PBXBuildFile; fileRef = D488B0941BD945D300D883E1 /* NATScope.c */; settings = {ASSET_TAGS = (); }; };
		D488B0971BD945D300D883E1 /* NATScope.h in Headers */ = {isa = PBXBuildFile; fileRef = D488B0951BD945D300D883E1 /* NATScope.h */; settings = {ASSET_TAGS = (); }; };
		D488B09A1BD9585D00D883E1 /* NATProgram.c in Sources */ = {isa = PBXBuildFile; fileRef = D488B0981BD9585D00D883E1 /* NATProgram.c */; settings = {ASSET_TAGS = (); }; };
		D488B09B1BD9585D00D883E1 /* NATProgram.h in Headers */ = {isa = PBXBuildFile; fileRef = D488B0991BD9585D00D883E1 /* NATProgram.h */; settings = {ASSET_TAGS = (); }; };
/* End PBXBuildFile section */

/* Begin PBXContainerItemProxy section */
		D405696F1BD8537100EC02D5 /* PBXContainerItemProxy */ = {
			isa = PBXContainerItemProxy;
			containerPortal = D40569441BD84BEC00EC02D5 /* Project object */;
			proxyType = 1;
			remoteGlobalIDString = D405694C1BD84BEC00EC02D5;
			remoteInfo = NativeNative;
		};
/* End PBXContainerItemProxy section */

/* Begin PBXFileReference section */
		D405694D1BD84BEC00EC02D5 /* NativeNative.framework */ = {isa = PBXFileReference; explicitFileType = wrapper.framework; includeInIndex = 0; path = NativeNative.framework; sourceTree = BUILT_PRODUCTS_DIR; };
		D40569501BD84BEC00EC02D5 /* NativeNative.h */ = {isa = PBXFileReference; lastKnownFileType = sourcecode.c.h; path = NativeNative.h; sourceTree = "<group>"; };
		D40569521BD84BEC00EC02D5 /* Info.plist */ = {isa = PBXFileReference; lastKnownFileType = text.plist.xml; path = Info.plist; sourceTree = "<group>"; };
		D40569691BD8537100EC02D5 /* NativeNativeTests.xctest */ = {isa = PBXFileReference; explicitFileType = wrapper.cfbundle; includeInIndex = 0; path = NativeNativeTests.xctest; sourceTree = BUILT_PRODUCTS_DIR; };
		D405696B1BD8537100EC02D5 /* NativeNativeTests.m */ = {isa = PBXFileReference; lastKnownFileType = sourcecode.c.objc; path = NativeNativeTests.m; sourceTree = "<group>"; };
		D405696D1BD8537100EC02D5 /* Info.plist */ = {isa = PBXFileReference; lastKnownFileType = text.plist.xml; path = Info.plist; sourceTree = "<group>"; };
		D40569741BD853EE00EC02D5 /* tokenizer_test.txt */ = {isa = PBXFileReference; fileEncoding = 4; lastKnownFileType = text; path = tokenizer_test.txt; sourceTree = "<group>"; };
		D40569781BD8594300EC02D5 /* NATTokenizer.c */ = {isa = PBXFileReference; fileEncoding = 4; lastKnownFileType = sourcecode.c.c; path = NATTokenizer.c; sourceTree = "<group>"; };
		D40569791BD8594300EC02D5 /* NATTokenizer.h */ = {isa = PBXFileReference; fileEncoding = 4; lastKnownFileType = sourcecode.c.h; path = NATTokenizer.h; sourceTree = "<group>"; };
		D47916EB1BD922BF000C8FB2 /* NATSymbolTable.c */ = {isa = PBXFileReference; fileEncoding = 4; lastKnownFileType = sourcecode.c.c; path = NATSymbolTable.c; sourceTree = "<group>"; };
		D47916EC1BD922BF000C8FB2 /* NATSymbolTable.h */ = {isa = PBXFileReference; fileEncoding = 4; lastKnownFileType = sourcecode.c.h; path = NATSymbolTable.h; sourceTree = "<group>"; };
		D47916F01BD92987000C8FB2 /* NATSymbol.h */ = {isa = PBXFileReference; fileEncoding = 4; lastKnownFileType = sourcecode.c.h; path = NATSymbol.h; sourceTree = "<group>"; };
		D47916F31BD92B69000C8FB2 /* NATSymbol.c */ = {isa = PBXFileReference; fileEncoding = 4; lastKnownFileType = sourcecode.c.c; path = NATSymbol.c; sourceTree = "<group>"; };
		D488B0941BD945D300D883E1 /* NATScope.c */ = {isa = PBXFileReference; fileEncoding = 4; lastKnownFileType = sourcecode.c.c; path = NATScope.c; sourceTree = "<group>"; };
		D488B0951BD945D300D883E1 /* NATScope.h */ = {isa = PBXFileReference; fileEncoding = 4; lastKnownFileType = sourcecode.c.h; path = NATScope.h; sourceTree = "<group>"; };
		D488B0981BD9585D00D883E1 /* NATProgram.c */ = {isa = PBXFileReference; fileEncoding = 4; lastKnownFileType = sourcecode.c.c; path = NATProgram.c; sourceTree = "<group>"; };
		D488B0991BD9585D00D883E1 /* NATProgram.h */ = {isa = PBXFileReference; fileEncoding = 4; lastKnownFileType = sourcecode.c.h; path = NATProgram.h; sourceTree = "<group>"; };
/* End PBXFileReference section */

/* Begin PBXFrameworksBuildPhase section */
		D40569491BD84BEC00EC02D5 /* Frameworks */ = {
			isa = PBXFrameworksBuildPhase;
			buildActionMask = 2147483647;
			files = (
			);
			runOnlyForDeploymentPostprocessing = 0;
		};
		D40569661BD8537100EC02D5 /* Frameworks */ = {
			isa = PBXFrameworksBuildPhase;
			buildActionMask = 2147483647;
			files = (
				D405696E1BD8537100EC02D5 /* NativeNative.framework in Frameworks */,
			);
			runOnlyForDeploymentPostprocessing = 0;
		};
/* End PBXFrameworksBuildPhase section */

/* Begin PBXGroup section */
		D40569431BD84BEC00EC02D5 = {
			isa = PBXGroup;
			children = (
				D405694F1BD84BEC00EC02D5 /* NativeNative */,
				D405696A1BD8537100EC02D5 /* NativeNativeTests */,
				D405694E1BD84BEC00EC02D5 /* Products */,
			);
			sourceTree = "<group>";
		};
		D405694E1BD84BEC00EC02D5 /* Products */ = {
			isa = PBXGroup;
			children = (
				D405694D1BD84BEC00EC02D5 /* NativeNative.framework */,
				D40569691BD8537100EC02D5 /* NativeNativeTests.xctest */,
			);
			name = Products;
			sourceTree = "<group>";
		};
		D405694F1BD84BEC00EC02D5 /* NativeNative */ = {
			isa = PBXGroup;
			children = (
				D40569501BD84BEC00EC02D5 /* NativeNative.h */,
				D40569521BD84BEC00EC02D5 /* Info.plist */,
				D40569581BD84C2100EC02D5 /* Private */,
			);
			path = NativeNative;
			sourceTree = "<group>";
		};
		D40569581BD84C2100EC02D5 /* Private */ = {
			isa = PBXGroup;
			children = (
				D40569791BD8594300EC02D5 /* NATTokenizer.h */,
				D40569781BD8594300EC02D5 /* NATTokenizer.c */,
				D47916F01BD92987000C8FB2 /* NATSymbol.h */,
				D47916F31BD92B69000C8FB2 /* NATSymbol.c */,
				D47916EC1BD922BF000C8FB2 /* NATSymbolTable.h */,
				D47916EB1BD922BF000C8FB2 /* NATSymbolTable.c */,
				D488B0951BD945D300D883E1 /* NATScope.h */,
				D488B0941BD945D300D883E1 /* NATScope.c */,
				D488B0991BD9585D00D883E1 /* NATProgram.h */,
				D488B0981BD9585D00D883E1 /* NATProgram.c */,
			);
			path = Private;
			sourceTree = "<group>";
		};
		D405696A1BD8537100EC02D5 /* NativeNativeTests */ = {
			isa = PBXGroup;
			children = (
				D405696B1BD8537100EC02D5 /* NativeNativeTests.m */,
				D405696D1BD8537100EC02D5 /* Info.plist */,
				D40569741BD853EE00EC02D5 /* tokenizer_test.txt */,
			);
			path = NativeNativeTests;
			sourceTree = "<group>";
		};
/* End PBXGroup section */

/* Begin PBXHeadersBuildPhase section */
		D405694A1BD84BEC00EC02D5 /* Headers */ = {
			isa = PBXHeadersBuildPhase;
			buildActionMask = 2147483647;
			files = (
				D405697B1BD8594300EC02D5 /* NATTokenizer.h in Headers */,
				D488B0971BD945D300D883E1 /* NATScope.h in Headers */,
				D47916EE1BD922BF000C8FB2 /* NATSymbolTable.h in Headers */,
				D47916F21BD92987000C8FB2 /* NATSymbol.h in Headers */,
				D40569511BD84BEC00EC02D5 /* NativeNative.h in Headers */,
				D488B09B1BD9585D00D883E1 /* NATProgram.h in Headers */,
			);
			runOnlyForDeploymentPostprocessing = 0;
		};
/* End PBXHeadersBuildPhase section */

/* Begin PBXNativeTarget section */
		D405694C1BD84BEC00EC02D5 /* NativeNative */ = {
			isa = PBXNativeTarget;
			buildConfigurationList = D40569551BD84BEC00EC02D5 /* Build configuration list for PBXNativeTarget "NativeNative" */;
			buildPhases = (
				D40569481BD84BEC00EC02D5 /* Sources */,
				D40569491BD84BEC00EC02D5 /* Frameworks */,
				D405694A1BD84BEC00EC02D5 /* Headers */,
				D405694B1BD84BEC00EC02D5 /* Resources */,
			);
			buildRules = (
			);
			dependencies = (
			);
			name = NativeNative;
			productName = NativeNative;
			productReference = D405694D1BD84BEC00EC02D5 /* NativeNative.framework */;
			productType = "com.apple.product-type.framework";
		};
		D40569681BD8537100EC02D5 /* NativeNativeTests */ = {
			isa = PBXNativeTarget;
			buildConfigurationList = D40569711BD8537100EC02D5 /* Build configuration list for PBXNativeTarget "NativeNativeTests" */;
			buildPhases = (
				D40569651BD8537100EC02D5 /* Sources */,
				D40569661BD8537100EC02D5 /* Frameworks */,
				D40569671BD8537100EC02D5 /* Resources */,
			);
			buildRules = (
			);
			dependencies = (
				D40569701BD8537100EC02D5 /* PBXTargetDependency */,
			);
			name = NativeNativeTests;
			productName = NativeNativeTests;
			productReference = D40569691BD8537100EC02D5 /* NativeNativeTests.xctest */;
			productType = "com.apple.product-type.bundle.unit-test";
		};
/* End PBXNativeTarget section */

/* Begin PBXProject section */
		D40569441BD84BEC00EC02D5 /* Project object */ = {
			isa = PBXProject;
			attributes = {
				LastUpgradeCheck = 0700;
				ORGANIZATIONNAME = Raizlabs;
				TargetAttributes = {
					D405694C1BD84BEC00EC02D5 = {
						CreatedOnToolsVersion = 7.0.1;
					};
					D40569681BD8537100EC02D5 = {
						CreatedOnToolsVersion = 7.0.1;
					};
				};
			};
			buildConfigurationList = D40569471BD84BEC00EC02D5 /* Build configuration list for PBXProject "NativeNative" */;
			compatibilityVersion = "Xcode 3.2";
			developmentRegion = English;
			hasScannedForEncodings = 0;
			knownRegions = (
				en,
			);
			mainGroup = D40569431BD84BEC00EC02D5;
			productRefGroup = D405694E1BD84BEC00EC02D5 /* Products */;
			projectDirPath = "";
			projectRoot = "";
			targets = (
				D405694C1BD84BEC00EC02D5 /* NativeNative */,
				D40569681BD8537100EC02D5 /* NativeNativeTests */,
			);
		};
/* End PBXProject section */

/* Begin PBXResourcesBuildPhase section */
		D405694B1BD84BEC00EC02D5 /* Resources */ = {
			isa = PBXResourcesBuildPhase;
			buildActionMask = 2147483647;
			files = (
			);
			runOnlyForDeploymentPostprocessing = 0;
		};
		D40569671BD8537100EC02D5 /* Resources */ = {
			isa = PBXResourcesBuildPhase;
			buildActionMask = 2147483647;
			files = (
				D40569751BD853EE00EC02D5 /* tokenizer_test.txt in Resources */,
			);
			runOnlyForDeploymentPostprocessing = 0;
		};
/* End PBXResourcesBuildPhase section */

/* Begin PBXSourcesBuildPhase section */
		D40569481BD84BEC00EC02D5 /* Sources */ = {
			isa = PBXSourcesBuildPhase;
			buildActionMask = 2147483647;
			files = (
				D47916F41BD92B69000C8FB2 /* NATSymbol.c in Sources */,
				D47916ED1BD922BF000C8FB2 /* NATSymbolTable.c in Sources */,
				D405697A1BD8594300EC02D5 /* NATTokenizer.c in Sources */,
				D488B09A1BD9585D00D883E1 /* NATProgram.c in Sources */,
				D488B0961BD945D300D883E1 /* NATScope.c in Sources */,
			);
			runOnlyForDeploymentPostprocessing = 0;
		};
		D40569651BD8537100EC02D5 /* Sources */ = {
			isa = PBXSourcesBuildPhase;
			buildActionMask = 2147483647;
			files = (
				D405696C1BD8537100EC02D5 /* NativeNativeTests.m in Sources */,
			);
			runOnlyForDeploymentPostprocessing = 0;
		};
/* End PBXSourcesBuildPhase section */

/* Begin PBXTargetDependency section */
		D40569701BD8537100EC02D5 /* PBXTargetDependency */ = {
			isa = PBXTargetDependency;
			target = D405694C1BD84BEC00EC02D5 /* NativeNative */;
			targetProxy = D405696F1BD8537100EC02D5 /* PBXContainerItemProxy */;
		};
/* End PBXTargetDependency section */

/* Begin XCBuildConfiguration section */
		D40569531BD84BEC00EC02D5 /* Debug */ = {
			isa = XCBuildConfiguration;
			buildSettings = {
				ALWAYS_SEARCH_USER_PATHS = NO;
				CLANG_CXX_LANGUAGE_STANDARD = "gnu++0x";
				CLANG_CXX_LIBRARY = "libc++";
				CLANG_ENABLE_MODULES = YES;
				CLANG_ENABLE_OBJC_ARC = YES;
				CLANG_WARN_BOOL_CONVERSION = YES;
				CLANG_WARN_CONSTANT_CONVERSION = YES;
				CLANG_WARN_DIRECT_OBJC_ISA_USAGE = YES_ERROR;
				CLANG_WARN_EMPTY_BODY = YES;
				CLANG_WARN_ENUM_CONVERSION = YES;
				CLANG_WARN_INT_CONVERSION = YES;
				CLANG_WARN_OBJC_ROOT_CLASS = YES_ERROR;
				CLANG_WARN_UNREACHABLE_CODE = YES;
				CLANG_WARN__DUPLICATE_METHOD_MATCH = YES;
				"CODE_SIGN_IDENTITY[sdk=iphoneos*]" = "iPhone Developer";
				COPY_PHASE_STRIP = NO;
				CURRENT_PROJECT_VERSION = 1;
				DEBUG_INFORMATION_FORMAT = dwarf;
				ENABLE_STRICT_OBJC_MSGSEND = YES;
				ENABLE_TESTABILITY = YES;
				GCC_C_LANGUAGE_STANDARD = gnu99;
				GCC_DYNAMIC_NO_PIC = NO;
				GCC_NO_COMMON_BLOCKS = YES;
				GCC_OPTIMIZATION_LEVEL = 0;
				GCC_PREPROCESSOR_DEFINITIONS = (
					"DEBUG=1",
					"$(inherited)",
				);
				GCC_WARN_64_TO_32_BIT_CONVERSION = YES;
				GCC_WARN_ABOUT_RETURN_TYPE = YES_ERROR;
				GCC_WARN_UNDECLARED_SELECTOR = YES;
				GCC_WARN_UNINITIALIZED_AUTOS = YES_AGGRESSIVE;
				GCC_WARN_UNUSED_FUNCTION = YES;
				GCC_WARN_UNUSED_VARIABLE = YES;
				IPHONEOS_DEPLOYMENT_TARGET = 9.0;
				MTL_ENABLE_DEBUG_INFO = YES;
				ONLY_ACTIVE_ARCH = YES;
				SDKROOT = iphoneos;
				TARGETED_DEVICE_FAMILY = "1,2";
				VERSIONING_SYSTEM = "apple-generic";
				VERSION_INFO_PREFIX = "";
			};
			name = Debug;
		};
		D40569541BD84BEC00EC02D5 /* Release */ = {
			isa = XCBuildConfiguration;
			buildSettings = {
				ALWAYS_SEARCH_USER_PATHS = NO;
				CLANG_CXX_LANGUAGE_STANDARD = "gnu++0x";
				CLANG_CXX_LIBRARY = "libc++";
				CLANG_ENABLE_MODULES = YES;
				CLANG_ENABLE_OBJC_ARC = YES;
				CLANG_WARN_BOOL_CONVERSION = YES;
				CLANG_WARN_CONSTANT_CONVERSION = YES;
				CLANG_WARN_DIRECT_OBJC_ISA_USAGE = YES_ERROR;
				CLANG_WARN_EMPTY_BODY = YES;
				CLANG_WARN_ENUM_CONVERSION = YES;
				CLANG_WARN_INT_CONVERSION = YES;
				CLANG_WARN_OBJC_ROOT_CLASS = YES_ERROR;
				CLANG_WARN_UNREACHABLE_CODE = YES;
				CLANG_WARN__DUPLICATE_METHOD_MATCH = YES;
				"CODE_SIGN_IDENTITY[sdk=iphoneos*]" = "iPhone Developer";
				COPY_PHASE_STRIP = NO;
				CURRENT_PROJECT_VERSION = 1;
				DEBUG_INFORMATION_FORMAT = "dwarf-with-dsym";
				ENABLE_NS_ASSERTIONS = NO;
				ENABLE_STRICT_OBJC_MSGSEND = YES;
				GCC_C_LANGUAGE_STANDARD = gnu99;
				GCC_NO_COMMON_BLOCKS = YES;
				GCC_WARN_64_TO_32_BIT_CONVERSION = YES;
				GCC_WARN_ABOUT_RETURN_TYPE = YES_ERROR;
				GCC_WARN_UNDECLARED_SELECTOR = YES;
				GCC_WARN_UNINITIALIZED_AUTOS = YES_AGGRESSIVE;
				GCC_WARN_UNUSED_FUNCTION = YES;
				GCC_WARN_UNUSED_VARIABLE = YES;
				IPHONEOS_DEPLOYMENT_TARGET = 9.0;
				MTL_ENABLE_DEBUG_INFO = NO;
				SDKROOT = iphoneos;
				TARGETED_DEVICE_FAMILY = "1,2";
				VALIDATE_PRODUCT = YES;
				VERSIONING_SYSTEM = "apple-generic";
				VERSION_INFO_PREFIX = "";
			};
			name = Release;
		};
		D40569561BD84BEC00EC02D5 /* Debug */ = {
			isa = XCBuildConfiguration;
			buildSettings = {
				DEFINES_MODULE = YES;
				DYLIB_COMPATIBILITY_VERSION = 1;
				DYLIB_CURRENT_VERSION = 1;
				DYLIB_INSTALL_NAME_BASE = "@rpath";
				INFOPLIST_FILE = NativeNative/Info.plist;
				INSTALL_PATH = "$(LOCAL_LIBRARY_DIR)/Frameworks";
				IPHONEOS_DEPLOYMENT_TARGET = 8.0;
				LD_RUNPATH_SEARCH_PATHS = "$(inherited) @executable_path/Frameworks @loader_path/Frameworks";
				PRODUCT_BUNDLE_IDENTIFIER = com.raizlabs.NativeNative;
				PRODUCT_NAME = "$(TARGET_NAME)";
				SKIP_INSTALL = YES;
			};
			name = Debug;
		};
		D40569571BD84BEC00EC02D5 /* Release */ = {
			isa = XCBuildConfiguration;
			buildSettings = {
				DEFINES_MODULE = YES;
				DYLIB_COMPATIBILITY_VERSION = 1;
				DYLIB_CURRENT_VERSION = 1;
				DYLIB_INSTALL_NAME_BASE = "@rpath";
				INFOPLIST_FILE = NativeNative/Info.plist;
				INSTALL_PATH = "$(LOCAL_LIBRARY_DIR)/Frameworks";
				IPHONEOS_DEPLOYMENT_TARGET = 8.0;
				LD_RUNPATH_SEARCH_PATHS = "$(inherited) @executable_path/Frameworks @loader_path/Frameworks";
				PRODUCT_BUNDLE_IDENTIFIER = com.raizlabs.NativeNative;
				PRODUCT_NAME = "$(TARGET_NAME)";
				SKIP_INSTALL = YES;
			};
			name = Release;
		};
		D40569721BD8537100EC02D5 /* Debug */ = {
			isa = XCBuildConfiguration;
			buildSettings = {
				INFOPLIST_FILE = NativeNativeTests/Info.plist;
				LD_RUNPATH_SEARCH_PATHS = "$(inherited) @executable_path/Frameworks @loader_path/Frameworks";
				PRODUCT_BUNDLE_IDENTIFIER = com.raizlabs.NativeNativeTests;
				PRODUCT_NAME = "$(TARGET_NAME)";
			};
			name = Debug;
		};
		D40569731BD8537100EC02D5 /* Release */ = {
			isa = XCBuildConfiguration;
			buildSettings = {
				INFOPLIST_FILE = NativeNativeTests/Info.plist;
				LD_RUNPATH_SEARCH_PATHS = "$(inherited) @executable_path/Frameworks @loader_path/Frameworks";
				PRODUCT_BUNDLE_IDENTIFIER = com.raizlabs.NativeNativeTests;
				PRODUCT_NAME = "$(TARGET_NAME)";
			};
			name = Release;
		};
/* End XCBuildConfiguration section */

/* Begin XCConfigurationList section */
		D40569471BD84BEC00EC02D5 /* Build configuration list for PBXProject "NativeNative" */ = {
			isa = XCConfigurationList;
			buildConfigurations = (
				D40569531BD84BEC00EC02D5 /* Debug */,
				D40569541BD84BEC00EC02D5 /* Release */,
			);
			defaultConfigurationIsVisible = 0;
			defaultConfigurationName = Release;
		};
		D40569551BD84BEC00EC02D5 /* Build configuration list for PBXNativeTarget "NativeNative" */ = {
			isa = XCConfigurationList;
			buildConfigurations = (
				D40569561BD84BEC00EC02D5 /* Debug */,
				D40569571BD84BEC00EC02D5 /* Release */,
			);
			defaultConfigurationIsVisible = 0;
			defaultConfigurationName = Release;
		};
		D40569711BD8537100EC02D5 /* Build configuration list for PBXNativeTarget "NativeNativeTests" */ = {
			isa = XCConfigurationList;
			buildConfigurations = (
				D40569721BD8537100EC02D5 /* Debug */,
				D40569731BD8537100EC02D5 /* Release */,
			);
			defaultConfigurationIsVisible = 0;
			defaultConfigurationName = Release;
		};
/* End XCConfigurationList section */
	};
	rootObject = D40569441BD84BEC00EC02D5 /* Project object */;
}
